
Microsoft Visual Studio Solution File, Format Version 12.00
# Visual Studio 15
VisualStudioVersion = 15.0.27703.2018
MinimumVisualStudioVersion = 10.0.40219.1
Project("{9A19103F-16F7-4668-BE54-9A1E7A4F7556}") = "ViewMarkdown.Forms.Plugin.Abstractions", "MarkdownView.Forms.Plugin.Abstractions\ViewMarkdown.Forms.Plugin.Abstractions.csproj", "{B5801CAD-CCA2-4455-B8B3-E9E2E7226695}"
EndProject
Project("{FAE04EC0-301F-11D3-BF4B-00C04F79EFBC}") = "ViewMarkdown.Forms.Plugin.Droid", "MarkdownView.Forms.Plugin.Droid\ViewMarkdown.Forms.Plugin.Droid.csproj", "{AEFF6EC6-4B01-4CF2-A038-9403EF237A54}"
EndProject
Project("{FAE04EC0-301F-11D3-BF4B-00C04F79EFBC}") = "ViewMarkdown.Forms.Plugin.iOS", "MarkdownView.Forms.Plugin.iOS\ViewMarkdown.Forms.Plugin.iOS.csproj", "{E71F3053-056C-4381-9638-048ED73BDFF6}"
EndProject
Project("{FAE04EC0-301F-11D3-BF4B-00C04F79EFBC}") = "ViewMarkdown.Forms.Plugin.Uwp", "MarkdownView.Forms.Plugin.Uwp\ViewMarkdown.Forms.Plugin.Uwp.csproj", "{0179D6F0-F898-4189-A7D5-ED3BBB85DD92}"
EndProject
Global
	GlobalSection(SolutionConfigurationPlatforms) = preSolution
		Debug|Any CPU = Debug|Any CPU
		Debug|ARM = Debug|ARM
		Debug|x64 = Debug|x64
		Debug|x86 = Debug|x86
		Release|Any CPU = Release|Any CPU
		Release|ARM = Release|ARM
		Release|x64 = Release|x64
		Release|x86 = Release|x86
	EndGlobalSection
	GlobalSection(ProjectConfigurationPlatforms) = postSolution
		{B5801CAD-CCA2-4455-B8B3-E9E2E7226695}.Debug|Any CPU.ActiveCfg = Debug|Any CPU
		{B5801CAD-CCA2-4455-B8B3-E9E2E7226695}.Debug|Any CPU.Build.0 = Debug|Any CPU
		{B5801CAD-CCA2-4455-B8B3-E9E2E7226695}.Debug|ARM.ActiveCfg = Debug|Any CPU
		{B5801CAD-CCA2-4455-B8B3-E9E2E7226695}.Debug|ARM.Build.0 = Debug|Any CPU
		{B5801CAD-CCA2-4455-B8B3-E9E2E7226695}.Debug|x64.ActiveCfg = Debug|Any CPU
		{B5801CAD-CCA2-4455-B8B3-E9E2E7226695}.Debug|x64.Build.0 = Debug|Any CPU
		{B5801CAD-CCA2-4455-B8B3-E9E2E7226695}.Debug|x86.ActiveCfg = Debug|Any CPU
		{B5801CAD-CCA2-4455-B8B3-E9E2E7226695}.Debug|x86.Build.0 = Debug|Any CPU
		{B5801CAD-CCA2-4455-B8B3-E9E2E7226695}.Release|Any CPU.ActiveCfg = Release|Any CPU
		{B5801CAD-CCA2-4455-B8B3-E9E2E7226695}.Release|Any CPU.Build.0 = Release|Any CPU
		{B5801CAD-CCA2-4455-B8B3-E9E2E7226695}.Release|ARM.ActiveCfg = Release|Any CPU
		{B5801CAD-CCA2-4455-B8B3-E9E2E7226695}.Release|ARM.Build.0 = Release|Any CPU
		{B5801CAD-CCA2-4455-B8B3-E9E2E7226695}.Release|x64.ActiveCfg = Release|Any CPU
		{B5801CAD-CCA2-4455-B8B3-E9E2E7226695}.Release|x64.Build.0 = Release|Any CPU
		{B5801CAD-CCA2-4455-B8B3-E9E2E7226695}.Release|x86.ActiveCfg = Release|Any CPU
		{B5801CAD-CCA2-4455-B8B3-E9E2E7226695}.Release|x86.Build.0 = Release|Any CPU
		{AEFF6EC6-4B01-4CF2-A038-9403EF237A54}.Debug|Any CPU.ActiveCfg = Debug|Any CPU
		{AEFF6EC6-4B01-4CF2-A038-9403EF237A54}.Debug|Any CPU.Build.0 = Debug|Any CPU
		{AEFF6EC6-4B01-4CF2-A038-9403EF237A54}.Debug|ARM.ActiveCfg = Debug|Any CPU
		{AEFF6EC6-4B01-4CF2-A038-9403EF237A54}.Debug|ARM.Build.0 = Debug|Any CPU
		{AEFF6EC6-4B01-4CF2-A038-9403EF237A54}.Debug|x64.ActiveCfg = Debug|Any CPU
		{AEFF6EC6-4B01-4CF2-A038-9403EF237A54}.Debug|x64.Build.0 = Debug|Any CPU
		{AEFF6EC6-4B01-4CF2-A038-9403EF237A54}.Debug|x86.ActiveCfg = Debug|Any CPU
		{AEFF6EC6-4B01-4CF2-A038-9403EF237A54}.Debug|x86.Build.0 = Debug|Any CPU
		{AEFF6EC6-4B01-4CF2-A038-9403EF237A54}.Release|Any CPU.ActiveCfg = Release|Any CPU
		{AEFF6EC6-4B01-4CF2-A038-9403EF237A54}.Release|Any CPU.Build.0 = Release|Any CPU
		{AEFF6EC6-4B01-4CF2-A038-9403EF237A54}.Release|ARM.ActiveCfg = Release|Any CPU
		{AEFF6EC6-4B01-4CF2-A038-9403EF237A54}.Release|ARM.Build.0 = Release|Any CPU
		{AEFF6EC6-4B01-4CF2-A038-9403EF237A54}.Release|x64.ActiveCfg = Release|Any CPU
		{AEFF6EC6-4B01-4CF2-A038-9403EF237A54}.Release|x64.Build.0 = Release|Any CPU
		{AEFF6EC6-4B01-4CF2-A038-9403EF237A54}.Release|x86.ActiveCfg = Release|Any CPU
		{AEFF6EC6-4B01-4CF2-A038-9403EF237A54}.Release|x86.Build.0 = Release|Any CPU
		{E71F3053-056C-4381-9638-048ED73BDFF6}.Debug|Any CPU.ActiveCfg = Debug|Any CPU
		{E71F3053-056C-4381-9638-048ED73BDFF6}.Debug|Any CPU.Build.0 = Debug|Any CPU
		{E71F3053-056C-4381-9638-048ED73BDFF6}.Debug|ARM.ActiveCfg = Debug|Any CPU
		{E71F3053-056C-4381-9638-048ED73BDFF6}.Debug|ARM.Build.0 = Debug|Any CPU
		{E71F3053-056C-4381-9638-048ED73BDFF6}.Debug|x64.ActiveCfg = Debug|Any CPU
		{E71F3053-056C-4381-9638-048ED73BDFF6}.Debug|x64.Build.0 = Debug|Any CPU
		{E71F3053-056C-4381-9638-048ED73BDFF6}.Debug|x86.ActiveCfg = Debug|Any CPU
		{E71F3053-056C-4381-9638-048ED73BDFF6}.Debug|x86.Build.0 = Debug|Any CPU
		{E71F3053-056C-4381-9638-048ED73BDFF6}.Release|Any CPU.ActiveCfg = Release|Any CPU
		{E71F3053-056C-4381-9638-048ED73BDFF6}.Release|Any CPU.Build.0 = Release|Any CPU
		{E71F3053-056C-4381-9638-048ED73BDFF6}.Release|ARM.ActiveCfg = Release|Any CPU
		{E71F3053-056C-4381-9638-048ED73BDFF6}.Release|ARM.Build.0 = Release|Any CPU
		{E71F3053-056C-4381-9638-048ED73BDFF6}.Release|x64.ActiveCfg = Release|Any CPU
		{E71F3053-056C-4381-9638-048ED73BDFF6}.Release|x64.Build.0 = Release|Any CPU
		{E71F3053-056C-4381-9638-048ED73BDFF6}.Release|x86.ActiveCfg = Release|Any CPU
		{E71F3053-056C-4381-9638-048ED73BDFF6}.Release|x86.Build.0 = Release|Any CPU
		{0179D6F0-F898-4189-A7D5-ED3BBB85DD92}.Debug|Any CPU.ActiveCfg = Debug|Any CPU
		{0179D6F0-F898-4189-A7D5-ED3BBB85DD92}.Debug|Any CPU.Build.0 = Debug|Any CPU
		{0179D6F0-F898-4189-A7D5-ED3BBB85DD92}.Debug|ARM.ActiveCfg = Debug|ARM
		{0179D6F0-F898-4189-A7D5-ED3BBB85DD92}.Debug|ARM.Build.0 = Debug|ARM
		{0179D6F0-F898-4189-A7D5-ED3BBB85DD92}.Debug|x64.ActiveCfg = Debug|x64
		{0179D6F0-F898-4189-A7D5-ED3BBB85DD92}.Debug|x64.Build.0 = Debug|x64
		{0179D6F0-F898-4189-A7D5-ED3BBB85DD92}.Debug|x86.ActiveCfg = Debug|x86
		{0179D6F0-F898-4189-A7D5-ED3BBB85DD92}.Debug|x86.Build.0 = Debug|x86
		{0179D6F0-F898-4189-A7D5-ED3BBB85DD92}.Release|Any CPU.ActiveCfg = Release|Any CPU
		{0179D6F0-F898-4189-A7D5-ED3BBB85DD92}.Release|Any CPU.Build.0 = Release|Any CPU
		{0179D6F0-F898-4189-A7D5-ED3BBB85DD92}.Release|ARM.ActiveCfg = Release|ARM
		{0179D6F0-F898-4189-A7D5-ED3BBB85DD92}.Release|ARM.Build.0 = Release|ARM
		{0179D6F0-F898-4189-A7D5-ED3BBB85DD92}.Release|x64.ActiveCfg = Release|x64
		{0179D6F0-F898-4189-A7D5-ED3BBB85DD92}.Release|x64.Build.0 = Release|x64
		{0179D6F0-F898-4189-A7D5-ED3BBB85DD92}.Release|x86.ActiveCfg = Release|x86
		{0179D6F0-F898-4189-A7D5-ED3BBB85DD92}.Release|x86.Build.0 = Release|x86
	EndGlobalSection
	GlobalSection(SolutionProperties) = preSolution
		HideSolutionNode = FALSE
	EndGlobalSection
	GlobalSection(ExtensibilityGlobals) = postSolution
		SolutionGuid = {FD65BAC1-C545-4C3C-8952-2251EDC2CCE2}
	EndGlobalSection
EndGlobal
