
Microsoft Visual Studio Solution File, Format Version 12.00
# Visual Studio 15
VisualStudioVersion = 15.0.27703.2018
MinimumVisualStudioVersion = 10.0.40219.1
Project("{9A19103F-16F7-4668-BE54-9A1E7A4F7556}") = "ViewMarkdown.Test", "Core\ViewMarkdown.Test.csproj", "{AE9BFA2E-D2E7-4B8A-BEC6-F32F2CACE31A}"
EndProject
Project("{FAE04EC0-301F-11D3-BF4B-00C04F79EFBC}") = "ViewMarkdown.Test.iOS", "iOS\ViewMarkdown.Test.iOS.csproj", "{2D501049-5A6A-43BD-89F6-E52E5E2D3249}"
EndProject
Project("{FAE04EC0-301F-11D3-BF4B-00C04F79EFBC}") = "ViewMarkdown.Test.Uwp", "Uwp\ViewMarkdown.Test.Uwp.csproj", "{F2D1DE05-4707-45E2-BF00-B5EC30425769}"
EndProject
Project("{2150E333-8FDC-42A3-9474-1A3956D46DE8}") = "Library", "Library", "{C4E7E9D8-BF48-4289-AE9E-B8C783ECF132}"
EndProject
Project("{9A19103F-16F7-4668-BE54-9A1E7A4F7556}") = "ViewMarkdown.Forms.Plugin.Abstractions", "..\MarkdownView.Forms.Plugin.Abstractions\ViewMarkdown.Forms.Plugin.Abstractions.csproj", "{7BA0F458-DA47-40A2-8B50-1C157D7070C8}"
EndProject
Project("{FAE04EC0-301F-11D3-BF4B-00C04F79EFBC}") = "ViewMarkdown.Forms.Plugin.iOS", "..\MarkdownView.Forms.Plugin.iOS\ViewMarkdown.Forms.Plugin.iOS.csproj", "{E71F3053-056C-4381-9638-048ED73BDFF6}"
EndProject
Project("{FAE04EC0-301F-11D3-BF4B-00C04F79EFBC}") = "ViewMarkdown.Forms.Plugin.Uwp", "..\MarkdownView.Forms.Plugin.Uwp\ViewMarkdown.Forms.Plugin.Uwp.csproj", "{0179D6F0-F898-4189-A7D5-ED3BBB85DD92}"
EndProject
Project("{FAE04EC0-301F-11D3-BF4B-00C04F79EFBC}") = "ViewMarkdown.Test.Droid", "Droid\ViewMarkdown.Test.Droid.csproj", "{CA79DF06-9000-49E4-A2EF-B47C516B7BCD}"
EndProject
Project("{FAE04EC0-301F-11D3-BF4B-00C04F79EFBC}") = "ViewMarkdown.Forms.Plugin.Droid", "..\MarkdownView.Forms.Plugin.Droid\ViewMarkdown.Forms.Plugin.Droid.csproj", "{AEFF6EC6-4B01-4CF2-A038-9403EF237A54}"
EndProject
Global
	GlobalSection(SolutionConfigurationPlatforms) = preSolution
		Ad-Hoc|Any CPU = Ad-Hoc|Any CPU
		Ad-Hoc|ARM = Ad-Hoc|ARM
		Ad-Hoc|iPhone = Ad-Hoc|iPhone
		Ad-Hoc|iPhoneSimulator = Ad-Hoc|iPhoneSimulator
		Ad-Hoc|x64 = Ad-Hoc|x64
		Ad-Hoc|x86 = Ad-Hoc|x86
		AppStore|Any CPU = AppStore|Any CPU
		AppStore|ARM = AppStore|ARM
		AppStore|iPhone = AppStore|iPhone
		AppStore|iPhoneSimulator = AppStore|iPhoneSimulator
		AppStore|x64 = AppStore|x64
		AppStore|x86 = AppStore|x86
		Debug|Any CPU = Debug|Any CPU
		Debug|ARM = Debug|ARM
		Debug|iPhone = Debug|iPhone
		Debug|iPhoneSimulator = Debug|iPhoneSimulator
		Debug|x64 = Debug|x64
		Debug|x86 = Debug|x86
		Release|Any CPU = Release|Any CPU
		Release|ARM = Release|ARM
		Release|iPhone = Release|iPhone
		Release|iPhoneSimulator = Release|iPhoneSimulator
		Release|x64 = Release|x64
		Release|x86 = Release|x86
	EndGlobalSection
	GlobalSection(ProjectConfigurationPlatforms) = postSolution
		{AE9BFA2E-D2E7-4B8A-BEC6-F32F2CACE31A}.Ad-Hoc|Any CPU.ActiveCfg = Debug|Any CPU
		{AE9BFA2E-D2E7-4B8A-BEC6-F32F2CACE31A}.Ad-Hoc|Any CPU.Build.0 = Debug|Any CPU
		{AE9BFA2E-D2E7-4B8A-BEC6-F32F2CACE31A}.Ad-Hoc|ARM.ActiveCfg = Debug|Any CPU
		{AE9BFA2E-D2E7-4B8A-BEC6-F32F2CACE31A}.Ad-Hoc|ARM.Build.0 = Debug|Any CPU
		{AE9BFA2E-D2E7-4B8A-BEC6-F32F2CACE31A}.Ad-Hoc|iPhone.ActiveCfg = Debug|Any CPU
		{AE9BFA2E-D2E7-4B8A-BEC6-F32F2CACE31A}.Ad-Hoc|iPhone.Build.0 = Debug|Any CPU
		{AE9BFA2E-D2E7-4B8A-BEC6-F32F2CACE31A}.Ad-Hoc|iPhoneSimulator.ActiveCfg = Debug|Any CPU
		{AE9BFA2E-D2E7-4B8A-BEC6-F32F2CACE31A}.Ad-Hoc|iPhoneSimulator.Build.0 = Debug|Any CPU
		{AE9BFA2E-D2E7-4B8A-BEC6-F32F2CACE31A}.Ad-Hoc|x64.ActiveCfg = Debug|Any CPU
		{AE9BFA2E-D2E7-4B8A-BEC6-F32F2CACE31A}.Ad-Hoc|x64.Build.0 = Debug|Any CPU
		{AE9BFA2E-D2E7-4B8A-BEC6-F32F2CACE31A}.Ad-Hoc|x86.ActiveCfg = Debug|Any CPU
		{AE9BFA2E-D2E7-4B8A-BEC6-F32F2CACE31A}.Ad-Hoc|x86.Build.0 = Debug|Any CPU
		{AE9BFA2E-D2E7-4B8A-BEC6-F32F2CACE31A}.AppStore|Any CPU.ActiveCfg = Debug|Any CPU
		{AE9BFA2E-D2E7-4B8A-BEC6-F32F2CACE31A}.AppStore|Any CPU.Build.0 = Debug|Any CPU
		{AE9BFA2E-D2E7-4B8A-BEC6-F32F2CACE31A}.AppStore|ARM.ActiveCfg = Debug|Any CPU
		{AE9BFA2E-D2E7-4B8A-BEC6-F32F2CACE31A}.AppStore|ARM.Build.0 = Debug|Any CPU
		{AE9BFA2E-D2E7-4B8A-BEC6-F32F2CACE31A}.AppStore|iPhone.ActiveCfg = Debug|Any CPU
		{AE9BFA2E-D2E7-4B8A-BEC6-F32F2CACE31A}.AppStore|iPhone.Build.0 = Debug|Any CPU
		{AE9BFA2E-D2E7-4B8A-BEC6-F32F2CACE31A}.AppStore|iPhoneSimulator.ActiveCfg = Debug|Any CPU
		{AE9BFA2E-D2E7-4B8A-BEC6-F32F2CACE31A}.AppStore|iPhoneSimulator.Build.0 = Debug|Any CPU
		{AE9BFA2E-D2E7-4B8A-BEC6-F32F2CACE31A}.AppStore|x64.ActiveCfg = Debug|Any CPU
		{AE9BFA2E-D2E7-4B8A-BEC6-F32F2CACE31A}.AppStore|x64.Build.0 = Debug|Any CPU
		{AE9BFA2E-D2E7-4B8A-BEC6-F32F2CACE31A}.AppStore|x86.ActiveCfg = Debug|Any CPU
		{AE9BFA2E-D2E7-4B8A-BEC6-F32F2CACE31A}.AppStore|x86.Build.0 = Debug|Any CPU
		{AE9BFA2E-D2E7-4B8A-BEC6-F32F2CACE31A}.Debug|Any CPU.ActiveCfg = Debug|Any CPU
		{AE9BFA2E-D2E7-4B8A-BEC6-F32F2CACE31A}.Debug|Any CPU.Build.0 = Debug|Any CPU
		{AE9BFA2E-D2E7-4B8A-BEC6-F32F2CACE31A}.Debug|ARM.ActiveCfg = Debug|Any CPU
		{AE9BFA2E-D2E7-4B8A-BEC6-F32F2CACE31A}.Debug|ARM.Build.0 = Debug|Any CPU
		{AE9BFA2E-D2E7-4B8A-BEC6-F32F2CACE31A}.Debug|iPhone.ActiveCfg = Debug|Any CPU
		{AE9BFA2E-D2E7-4B8A-BEC6-F32F2CACE31A}.Debug|iPhone.Build.0 = Debug|Any CPU
		{AE9BFA2E-D2E7-4B8A-BEC6-F32F2CACE31A}.Debug|iPhoneSimulator.ActiveCfg = Debug|Any CPU
		{AE9BFA2E-D2E7-4B8A-BEC6-F32F2CACE31A}.Debug|iPhoneSimulator.Build.0 = Debug|Any CPU
		{AE9BFA2E-D2E7-4B8A-BEC6-F32F2CACE31A}.Debug|x64.ActiveCfg = Debug|Any CPU
		{AE9BFA2E-D2E7-4B8A-BEC6-F32F2CACE31A}.Debug|x64.Build.0 = Debug|Any CPU
		{AE9BFA2E-D2E7-4B8A-BEC6-F32F2CACE31A}.Debug|x86.ActiveCfg = Debug|Any CPU
		{AE9BFA2E-D2E7-4B8A-BEC6-F32F2CACE31A}.Debug|x86.Build.0 = Debug|Any CPU
		{AE9BFA2E-D2E7-4B8A-BEC6-F32F2CACE31A}.Release|Any CPU.ActiveCfg = Release|Any CPU
		{AE9BFA2E-D2E7-4B8A-BEC6-F32F2CACE31A}.Release|Any CPU.Build.0 = Release|Any CPU
		{AE9BFA2E-D2E7-4B8A-BEC6-F32F2CACE31A}.Release|ARM.ActiveCfg = Release|Any CPU
		{AE9BFA2E-D2E7-4B8A-BEC6-F32F2CACE31A}.Release|ARM.Build.0 = Release|Any CPU
		{AE9BFA2E-D2E7-4B8A-BEC6-F32F2CACE31A}.Release|iPhone.ActiveCfg = Release|Any CPU
		{AE9BFA2E-D2E7-4B8A-BEC6-F32F2CACE31A}.Release|iPhone.Build.0 = Release|Any CPU
		{AE9BFA2E-D2E7-4B8A-BEC6-F32F2CACE31A}.Release|iPhoneSimulator.ActiveCfg = Release|Any CPU
		{AE9BFA2E-D2E7-4B8A-BEC6-F32F2CACE31A}.Release|iPhoneSimulator.Build.0 = Release|Any CPU
		{AE9BFA2E-D2E7-4B8A-BEC6-F32F2CACE31A}.Release|x64.ActiveCfg = Release|Any CPU
		{AE9BFA2E-D2E7-4B8A-BEC6-F32F2CACE31A}.Release|x64.Build.0 = Release|Any CPU
		{AE9BFA2E-D2E7-4B8A-BEC6-F32F2CACE31A}.Release|x86.ActiveCfg = Release|Any CPU
		{AE9BFA2E-D2E7-4B8A-BEC6-F32F2CACE31A}.Release|x86.Build.0 = Release|Any CPU
		{2D501049-5A6A-43BD-89F6-E52E5E2D3249}.Ad-Hoc|Any CPU.ActiveCfg = Ad-Hoc|iPhone
		{2D501049-5A6A-43BD-89F6-E52E5E2D3249}.Ad-Hoc|ARM.ActiveCfg = Ad-Hoc|iPhone
		{2D501049-5A6A-43BD-89F6-E52E5E2D3249}.Ad-Hoc|iPhone.ActiveCfg = Ad-Hoc|iPhone
		{2D501049-5A6A-43BD-89F6-E52E5E2D3249}.Ad-Hoc|iPhone.Build.0 = Ad-Hoc|iPhone
		{2D501049-5A6A-43BD-89F6-E52E5E2D3249}.Ad-Hoc|iPhoneSimulator.ActiveCfg = Ad-Hoc|iPhoneSimulator
		{2D501049-5A6A-43BD-89F6-E52E5E2D3249}.Ad-Hoc|iPhoneSimulator.Build.0 = Ad-Hoc|iPhoneSimulator
		{2D501049-5A6A-43BD-89F6-E52E5E2D3249}.Ad-Hoc|x64.ActiveCfg = Ad-Hoc|iPhone
		{2D501049-5A6A-43BD-89F6-E52E5E2D3249}.Ad-Hoc|x86.ActiveCfg = Ad-Hoc|iPhone
		{2D501049-5A6A-43BD-89F6-E52E5E2D3249}.AppStore|Any CPU.ActiveCfg = AppStore|iPhone
		{2D501049-5A6A-43BD-89F6-E52E5E2D3249}.AppStore|ARM.ActiveCfg = AppStore|iPhone
		{2D501049-5A6A-43BD-89F6-E52E5E2D3249}.AppStore|iPhone.ActiveCfg = AppStore|iPhone
		{2D501049-5A6A-43BD-89F6-E52E5E2D3249}.AppStore|iPhone.Build.0 = AppStore|iPhone
		{2D501049-5A6A-43BD-89F6-E52E5E2D3249}.AppStore|iPhoneSimulator.ActiveCfg = AppStore|iPhoneSimulator
		{2D501049-5A6A-43BD-89F6-E52E5E2D3249}.AppStore|iPhoneSimulator.Build.0 = AppStore|iPhoneSimulator
		{2D501049-5A6A-43BD-89F6-E52E5E2D3249}.AppStore|x64.ActiveCfg = AppStore|iPhone
		{2D501049-5A6A-43BD-89F6-E52E5E2D3249}.AppStore|x86.ActiveCfg = AppStore|iPhone
		{2D501049-5A6A-43BD-89F6-E52E5E2D3249}.Debug|Any CPU.ActiveCfg = Debug|iPhone
		{2D501049-5A6A-43BD-89F6-E52E5E2D3249}.Debug|ARM.ActiveCfg = Debug|iPhone
		{2D501049-5A6A-43BD-89F6-E52E5E2D3249}.Debug|iPhone.ActiveCfg = Debug|iPhone
		{2D501049-5A6A-43BD-89F6-E52E5E2D3249}.Debug|iPhone.Build.0 = Debug|iPhone
		{2D501049-5A6A-43BD-89F6-E52E5E2D3249}.Debug|iPhoneSimulator.ActiveCfg = Debug|iPhoneSimulator
		{2D501049-5A6A-43BD-89F6-E52E5E2D3249}.Debug|iPhoneSimulator.Build.0 = Debug|iPhoneSimulator
		{2D501049-5A6A-43BD-89F6-E52E5E2D3249}.Debug|x64.ActiveCfg = Debug|iPhone
		{2D501049-5A6A-43BD-89F6-E52E5E2D3249}.Debug|x86.ActiveCfg = Debug|iPhone
		{2D501049-5A6A-43BD-89F6-E52E5E2D3249}.Release|Any CPU.ActiveCfg = Release|iPhone
		{2D501049-5A6A-43BD-89F6-E52E5E2D3249}.Release|ARM.ActiveCfg = Release|iPhone
		{2D501049-5A6A-43BD-89F6-E52E5E2D3249}.Release|iPhone.ActiveCfg = Release|iPhone
		{2D501049-5A6A-43BD-89F6-E52E5E2D3249}.Release|iPhone.Build.0 = Release|iPhone
		{2D501049-5A6A-43BD-89F6-E52E5E2D3249}.Release|iPhoneSimulator.ActiveCfg = Release|iPhoneSimulator
		{2D501049-5A6A-43BD-89F6-E52E5E2D3249}.Release|iPhoneSimulator.Build.0 = Release|iPhoneSimulator
		{2D501049-5A6A-43BD-89F6-E52E5E2D3249}.Release|x64.ActiveCfg = Release|iPhone
		{2D501049-5A6A-43BD-89F6-E52E5E2D3249}.Release|x86.ActiveCfg = Release|iPhone
		{F2D1DE05-4707-45E2-BF00-B5EC30425769}.Ad-Hoc|Any CPU.ActiveCfg = Release|x86
		{F2D1DE05-4707-45E2-BF00-B5EC30425769}.Ad-Hoc|Any CPU.Build.0 = Release|x86
		{F2D1DE05-4707-45E2-BF00-B5EC30425769}.Ad-Hoc|Any CPU.Deploy.0 = Release|x86
		{F2D1DE05-4707-45E2-BF00-B5EC30425769}.Ad-Hoc|ARM.ActiveCfg = Release|ARM
		{F2D1DE05-4707-45E2-BF00-B5EC30425769}.Ad-Hoc|ARM.Build.0 = Release|ARM
		{F2D1DE05-4707-45E2-BF00-B5EC30425769}.Ad-Hoc|ARM.Deploy.0 = Release|ARM
		{F2D1DE05-4707-45E2-BF00-B5EC30425769}.Ad-Hoc|iPhone.ActiveCfg = Release|x86
		{F2D1DE05-4707-45E2-BF00-B5EC30425769}.Ad-Hoc|iPhone.Build.0 = Release|x86
		{F2D1DE05-4707-45E2-BF00-B5EC30425769}.Ad-Hoc|iPhone.Deploy.0 = Release|x86
		{F2D1DE05-4707-45E2-BF00-B5EC30425769}.Ad-Hoc|iPhoneSimulator.ActiveCfg = Release|x86
		{F2D1DE05-4707-45E2-BF00-B5EC30425769}.Ad-Hoc|iPhoneSimulator.Build.0 = Release|x86
		{F2D1DE05-4707-45E2-BF00-B5EC30425769}.Ad-Hoc|iPhoneSimulator.Deploy.0 = Release|x86
		{F2D1DE05-4707-45E2-BF00-B5EC30425769}.Ad-Hoc|x64.ActiveCfg = Release|x64
		{F2D1DE05-4707-45E2-BF00-B5EC30425769}.Ad-Hoc|x64.Build.0 = Release|x64
		{F2D1DE05-4707-45E2-BF00-B5EC30425769}.Ad-Hoc|x64.Deploy.0 = Release|x64
		{F2D1DE05-4707-45E2-BF00-B5EC30425769}.Ad-Hoc|x86.ActiveCfg = Release|x86
		{F2D1DE05-4707-45E2-BF00-B5EC30425769}.Ad-Hoc|x86.Build.0 = Release|x86
		{F2D1DE05-4707-45E2-BF00-B5EC30425769}.Ad-Hoc|x86.Deploy.0 = Release|x86
		{F2D1DE05-4707-45E2-BF00-B5EC30425769}.AppStore|Any CPU.ActiveCfg = Release|x86
		{F2D1DE05-4707-45E2-BF00-B5EC30425769}.AppStore|Any CPU.Build.0 = Release|x86
		{F2D1DE05-4707-45E2-BF00-B5EC30425769}.AppStore|Any CPU.Deploy.0 = Release|x86
		{F2D1DE05-4707-45E2-BF00-B5EC30425769}.AppStore|ARM.ActiveCfg = Release|ARM
		{F2D1DE05-4707-45E2-BF00-B5EC30425769}.AppStore|ARM.Build.0 = Release|ARM
		{F2D1DE05-4707-45E2-BF00-B5EC30425769}.AppStore|ARM.Deploy.0 = Release|ARM
		{F2D1DE05-4707-45E2-BF00-B5EC30425769}.AppStore|iPhone.ActiveCfg = Release|x86
		{F2D1DE05-4707-45E2-BF00-B5EC30425769}.AppStore|iPhone.Build.0 = Release|x86
		{F2D1DE05-4707-45E2-BF00-B5EC30425769}.AppStore|iPhone.Deploy.0 = Release|x86
		{F2D1DE05-4707-45E2-BF00-B5EC30425769}.AppStore|iPhoneSimulator.ActiveCfg = Release|x86
		{F2D1DE05-4707-45E2-BF00-B5EC30425769}.AppStore|iPhoneSimulator.Build.0 = Release|x86
		{F2D1DE05-4707-45E2-BF00-B5EC30425769}.AppStore|iPhoneSimulator.Deploy.0 = Release|x86
		{F2D1DE05-4707-45E2-BF00-B5EC30425769}.AppStore|x64.ActiveCfg = Release|x64
		{F2D1DE05-4707-45E2-BF00-B5EC30425769}.AppStore|x64.Build.0 = Release|x64
		{F2D1DE05-4707-45E2-BF00-B5EC30425769}.AppStore|x64.Deploy.0 = Release|x64
		{F2D1DE05-4707-45E2-BF00-B5EC30425769}.AppStore|x86.ActiveCfg = Release|x86
		{F2D1DE05-4707-45E2-BF00-B5EC30425769}.AppStore|x86.Build.0 = Release|x86
		{F2D1DE05-4707-45E2-BF00-B5EC30425769}.AppStore|x86.Deploy.0 = Release|x86
		{F2D1DE05-4707-45E2-BF00-B5EC30425769}.Debug|Any CPU.ActiveCfg = Debug|x86
		{F2D1DE05-4707-45E2-BF00-B5EC30425769}.Debug|ARM.ActiveCfg = Debug|ARM
		{F2D1DE05-4707-45E2-BF00-B5EC30425769}.Debug|ARM.Build.0 = Debug|ARM
		{F2D1DE05-4707-45E2-BF00-B5EC30425769}.Debug|ARM.Deploy.0 = Debug|ARM
		{F2D1DE05-4707-45E2-BF00-B5EC30425769}.Debug|iPhone.ActiveCfg = Debug|x86
		{F2D1DE05-4707-45E2-BF00-B5EC30425769}.Debug|iPhoneSimulator.ActiveCfg = Debug|x86
		{F2D1DE05-4707-45E2-BF00-B5EC30425769}.Debug|x64.ActiveCfg = Debug|x64
		{F2D1DE05-4707-45E2-BF00-B5EC30425769}.Debug|x64.Build.0 = Debug|x64
		{F2D1DE05-4707-45E2-BF00-B5EC30425769}.Debug|x64.Deploy.0 = Debug|x64
		{F2D1DE05-4707-45E2-BF00-B5EC30425769}.Debug|x86.ActiveCfg = Debug|x86
		{F2D1DE05-4707-45E2-BF00-B5EC30425769}.Debug|x86.Build.0 = Debug|x86
		{F2D1DE05-4707-45E2-BF00-B5EC30425769}.Debug|x86.Deploy.0 = Debug|x86
		{F2D1DE05-4707-45E2-BF00-B5EC30425769}.Release|Any CPU.ActiveCfg = Release|x86
		{F2D1DE05-4707-45E2-BF00-B5EC30425769}.Release|ARM.ActiveCfg = Release|ARM
		{F2D1DE05-4707-45E2-BF00-B5EC30425769}.Release|ARM.Build.0 = Release|ARM
		{F2D1DE05-4707-45E2-BF00-B5EC30425769}.Release|ARM.Deploy.0 = Release|ARM
		{F2D1DE05-4707-45E2-BF00-B5EC30425769}.Release|iPhone.ActiveCfg = Release|x86
		{F2D1DE05-4707-45E2-BF00-B5EC30425769}.Release|iPhoneSimulator.ActiveCfg = Release|x86
		{F2D1DE05-4707-45E2-BF00-B5EC30425769}.Release|x64.ActiveCfg = Release|x64
		{F2D1DE05-4707-45E2-BF00-B5EC30425769}.Release|x64.Build.0 = Release|x64
		{F2D1DE05-4707-45E2-BF00-B5EC30425769}.Release|x64.Deploy.0 = Release|x64
		{F2D1DE05-4707-45E2-BF00-B5EC30425769}.Release|x86.ActiveCfg = Release|x86
		{F2D1DE05-4707-45E2-BF00-B5EC30425769}.Release|x86.Build.0 = Release|x86
		{F2D1DE05-4707-45E2-BF00-B5EC30425769}.Release|x86.Deploy.0 = Release|x86
		{7BA0F458-DA47-40A2-8B50-1C157D7070C8}.Ad-Hoc|Any CPU.ActiveCfg = Debug|Any CPU
		{7BA0F458-DA47-40A2-8B50-1C157D7070C8}.Ad-Hoc|Any CPU.Build.0 = Debug|Any CPU
		{7BA0F458-DA47-40A2-8B50-1C157D7070C8}.Ad-Hoc|ARM.ActiveCfg = Debug|Any CPU
		{7BA0F458-DA47-40A2-8B50-1C157D7070C8}.Ad-Hoc|ARM.Build.0 = Debug|Any CPU
		{7BA0F458-DA47-40A2-8B50-1C157D7070C8}.Ad-Hoc|iPhone.ActiveCfg = Debug|Any CPU
		{7BA0F458-DA47-40A2-8B50-1C157D7070C8}.Ad-Hoc|iPhone.Build.0 = Debug|Any CPU
		{7BA0F458-DA47-40A2-8B50-1C157D7070C8}.Ad-Hoc|iPhoneSimulator.ActiveCfg = Debug|Any CPU
		{7BA0F458-DA47-40A2-8B50-1C157D7070C8}.Ad-Hoc|iPhoneSimulator.Build.0 = Debug|Any CPU
		{7BA0F458-DA47-40A2-8B50-1C157D7070C8}.Ad-Hoc|x64.ActiveCfg = Debug|Any CPU
		{7BA0F458-DA47-40A2-8B50-1C157D7070C8}.Ad-Hoc|x64.Build.0 = Debug|Any CPU
		{7BA0F458-DA47-40A2-8B50-1C157D7070C8}.Ad-Hoc|x86.ActiveCfg = Debug|Any CPU
		{7BA0F458-DA47-40A2-8B50-1C157D7070C8}.Ad-Hoc|x86.Build.0 = Debug|Any CPU
		{7BA0F458-DA47-40A2-8B50-1C157D7070C8}.AppStore|Any CPU.ActiveCfg = Debug|Any CPU
		{7BA0F458-DA47-40A2-8B50-1C157D7070C8}.AppStore|Any CPU.Build.0 = Debug|Any CPU
		{7BA0F458-DA47-40A2-8B50-1C157D7070C8}.AppStore|ARM.ActiveCfg = Debug|Any CPU
		{7BA0F458-DA47-40A2-8B50-1C157D7070C8}.AppStore|ARM.Build.0 = Debug|Any CPU
		{7BA0F458-DA47-40A2-8B50-1C157D7070C8}.AppStore|iPhone.ActiveCfg = Debug|Any CPU
		{7BA0F458-DA47-40A2-8B50-1C157D7070C8}.AppStore|iPhone.Build.0 = Debug|Any CPU
		{7BA0F458-DA47-40A2-8B50-1C157D7070C8}.AppStore|iPhoneSimulator.ActiveCfg = Debug|Any CPU
		{7BA0F458-DA47-40A2-8B50-1C157D7070C8}.AppStore|iPhoneSimulator.Build.0 = Debug|Any CPU
		{7BA0F458-DA47-40A2-8B50-1C157D7070C8}.AppStore|x64.ActiveCfg = Debug|Any CPU
		{7BA0F458-DA47-40A2-8B50-1C157D7070C8}.AppStore|x64.Build.0 = Debug|Any CPU
		{7BA0F458-DA47-40A2-8B50-1C157D7070C8}.AppStore|x86.ActiveCfg = Debug|Any CPU
		{7BA0F458-DA47-40A2-8B50-1C157D7070C8}.AppStore|x86.Build.0 = Debug|Any CPU
		{7BA0F458-DA47-40A2-8B50-1C157D7070C8}.Debug|Any CPU.ActiveCfg = Debug|Any CPU
		{7BA0F458-DA47-40A2-8B50-1C157D7070C8}.Debug|Any CPU.Build.0 = Debug|Any CPU
		{7BA0F458-DA47-40A2-8B50-1C157D7070C8}.Debug|ARM.ActiveCfg = Debug|Any CPU
		{7BA0F458-DA47-40A2-8B50-1C157D7070C8}.Debug|ARM.Build.0 = Debug|Any CPU
		{7BA0F458-DA47-40A2-8B50-1C157D7070C8}.Debug|iPhone.ActiveCfg = Debug|Any CPU
		{7BA0F458-DA47-40A2-8B50-1C157D7070C8}.Debug|iPhone.Build.0 = Debug|Any CPU
		{7BA0F458-DA47-40A2-8B50-1C157D7070C8}.Debug|iPhoneSimulator.ActiveCfg = Debug|Any CPU
		{7BA0F458-DA47-40A2-8B50-1C157D7070C8}.Debug|iPhoneSimulator.Build.0 = Debug|Any CPU
		{7BA0F458-DA47-40A2-8B50-1C157D7070C8}.Debug|x64.ActiveCfg = Debug|Any CPU
		{7BA0F458-DA47-40A2-8B50-1C157D7070C8}.Debug|x64.Build.0 = Debug|Any CPU
		{7BA0F458-DA47-40A2-8B50-1C157D7070C8}.Debug|x86.ActiveCfg = Debug|Any CPU
		{7BA0F458-DA47-40A2-8B50-1C157D7070C8}.Debug|x86.Build.0 = Debug|Any CPU
		{7BA0F458-DA47-40A2-8B50-1C157D7070C8}.Release|Any CPU.ActiveCfg = Release|Any CPU
		{7BA0F458-DA47-40A2-8B50-1C157D7070C8}.Release|Any CPU.Build.0 = Release|Any CPU
		{7BA0F458-DA47-40A2-8B50-1C157D7070C8}.Release|ARM.ActiveCfg = Release|Any CPU
		{7BA0F458-DA47-40A2-8B50-1C157D7070C8}.Release|ARM.Build.0 = Release|Any CPU
		{7BA0F458-DA47-40A2-8B50-1C157D7070C8}.Release|iPhone.ActiveCfg = Release|Any CPU
		{7BA0F458-DA47-40A2-8B50-1C157D7070C8}.Release|iPhone.Build.0 = Release|Any CPU
		{7BA0F458-DA47-40A2-8B50-1C157D7070C8}.Release|iPhoneSimulator.ActiveCfg = Release|Any CPU
		{7BA0F458-DA47-40A2-8B50-1C157D7070C8}.Release|iPhoneSimulator.Build.0 = Release|Any CPU
		{7BA0F458-DA47-40A2-8B50-1C157D7070C8}.Release|x64.ActiveCfg = Release|Any CPU
		{7BA0F458-DA47-40A2-8B50-1C157D7070C8}.Release|x64.Build.0 = Release|Any CPU
		{7BA0F458-DA47-40A2-8B50-1C157D7070C8}.Release|x86.ActiveCfg = Release|Any CPU
		{7BA0F458-DA47-40A2-8B50-1C157D7070C8}.Release|x86.Build.0 = Release|Any CPU
		{E71F3053-056C-4381-9638-048ED73BDFF6}.Ad-Hoc|Any CPU.ActiveCfg = Release|Any CPU
		{E71F3053-056C-4381-9638-048ED73BDFF6}.Ad-Hoc|Any CPU.Build.0 = Release|Any CPU
		{E71F3053-056C-4381-9638-048ED73BDFF6}.Ad-Hoc|ARM.ActiveCfg = Release|Any CPU
		{E71F3053-056C-4381-9638-048ED73BDFF6}.Ad-Hoc|ARM.Build.0 = Release|Any CPU
		{E71F3053-056C-4381-9638-048ED73BDFF6}.Ad-Hoc|iPhone.ActiveCfg = Release|Any CPU
		{E71F3053-056C-4381-9638-048ED73BDFF6}.Ad-Hoc|iPhone.Build.0 = Release|Any CPU
		{E71F3053-056C-4381-9638-048ED73BDFF6}.Ad-Hoc|iPhoneSimulator.ActiveCfg = Release|Any CPU
		{E71F3053-056C-4381-9638-048ED73BDFF6}.Ad-Hoc|iPhoneSimulator.Build.0 = Release|Any CPU
		{E71F3053-056C-4381-9638-048ED73BDFF6}.Ad-Hoc|x64.ActiveCfg = Release|Any CPU
		{E71F3053-056C-4381-9638-048ED73BDFF6}.Ad-Hoc|x64.Build.0 = Release|Any CPU
		{E71F3053-056C-4381-9638-048ED73BDFF6}.Ad-Hoc|x86.ActiveCfg = Release|Any CPU
		{E71F3053-056C-4381-9638-048ED73BDFF6}.Ad-Hoc|x86.Build.0 = Release|Any CPU
		{E71F3053-056C-4381-9638-048ED73BDFF6}.AppStore|Any CPU.ActiveCfg = Release|Any CPU
		{E71F3053-056C-4381-9638-048ED73BDFF6}.AppStore|Any CPU.Build.0 = Release|Any CPU
		{E71F3053-056C-4381-9638-048ED73BDFF6}.AppStore|ARM.ActiveCfg = Release|Any CPU
		{E71F3053-056C-4381-9638-048ED73BDFF6}.AppStore|ARM.Build.0 = Release|Any CPU
		{E71F3053-056C-4381-9638-048ED73BDFF6}.AppStore|iPhone.ActiveCfg = Release|Any CPU
		{E71F3053-056C-4381-9638-048ED73BDFF6}.AppStore|iPhone.Build.0 = Release|Any CPU
		{E71F3053-056C-4381-9638-048ED73BDFF6}.AppStore|iPhoneSimulator.ActiveCfg = Release|Any CPU
		{E71F3053-056C-4381-9638-048ED73BDFF6}.AppStore|iPhoneSimulator.Build.0 = Release|Any CPU
		{E71F3053-056C-4381-9638-048ED73BDFF6}.AppStore|x64.ActiveCfg = Release|Any CPU
		{E71F3053-056C-4381-9638-048ED73BDFF6}.AppStore|x64.Build.0 = Release|Any CPU
		{E71F3053-056C-4381-9638-048ED73BDFF6}.AppStore|x86.ActiveCfg = Release|Any CPU
		{E71F3053-056C-4381-9638-048ED73BDFF6}.AppStore|x86.Build.0 = Release|Any CPU
		{E71F3053-056C-4381-9638-048ED73BDFF6}.Debug|Any CPU.ActiveCfg = Debug|Any CPU
		{E71F3053-056C-4381-9638-048ED73BDFF6}.Debug|Any CPU.Build.0 = Debug|Any CPU
		{E71F3053-056C-4381-9638-048ED73BDFF6}.Debug|ARM.ActiveCfg = Debug|Any CPU
		{E71F3053-056C-4381-9638-048ED73BDFF6}.Debug|ARM.Build.0 = Debug|Any CPU
		{E71F3053-056C-4381-9638-048ED73BDFF6}.Debug|iPhone.ActiveCfg = Debug|Any CPU
		{E71F3053-056C-4381-9638-048ED73BDFF6}.Debug|iPhone.Build.0 = Debug|Any CPU
		{E71F3053-056C-4381-9638-048ED73BDFF6}.Debug|iPhoneSimulator.ActiveCfg = Debug|Any CPU
		{E71F3053-056C-4381-9638-048ED73BDFF6}.Debug|iPhoneSimulator.Build.0 = Debug|Any CPU
		{E71F3053-056C-4381-9638-048ED73BDFF6}.Debug|x64.ActiveCfg = Debug|Any CPU
		{E71F3053-056C-4381-9638-048ED73BDFF6}.Debug|x64.Build.0 = Debug|Any CPU
		{E71F3053-056C-4381-9638-048ED73BDFF6}.Debug|x86.ActiveCfg = Debug|Any CPU
		{E71F3053-056C-4381-9638-048ED73BDFF6}.Debug|x86.Build.0 = Debug|Any CPU
		{E71F3053-056C-4381-9638-048ED73BDFF6}.Release|Any CPU.ActiveCfg = Release|Any CPU
		{E71F3053-056C-4381-9638-048ED73BDFF6}.Release|Any CPU.Build.0 = Release|Any CPU
		{E71F3053-056C-4381-9638-048ED73BDFF6}.Release|ARM.ActiveCfg = Release|Any CPU
		{E71F3053-056C-4381-9638-048ED73BDFF6}.Release|ARM.Build.0 = Release|Any CPU
		{E71F3053-056C-4381-9638-048ED73BDFF6}.Release|iPhone.ActiveCfg = Release|Any CPU
		{E71F3053-056C-4381-9638-048ED73BDFF6}.Release|iPhone.Build.0 = Release|Any CPU
		{E71F3053-056C-4381-9638-048ED73BDFF6}.Release|iPhoneSimulator.ActiveCfg = Release|Any CPU
		{E71F3053-056C-4381-9638-048ED73BDFF6}.Release|iPhoneSimulator.Build.0 = Release|Any CPU
		{E71F3053-056C-4381-9638-048ED73BDFF6}.Release|x64.ActiveCfg = Release|Any CPU
		{E71F3053-056C-4381-9638-048ED73BDFF6}.Release|x64.Build.0 = Release|Any CPU
		{E71F3053-056C-4381-9638-048ED73BDFF6}.Release|x86.ActiveCfg = Release|Any CPU
		{E71F3053-056C-4381-9638-048ED73BDFF6}.Release|x86.Build.0 = Release|Any CPU
		{0179D6F0-F898-4189-A7D5-ED3BBB85DD92}.Ad-Hoc|Any CPU.ActiveCfg = Release|Any CPU
		{0179D6F0-F898-4189-A7D5-ED3BBB85DD92}.Ad-Hoc|Any CPU.Build.0 = Release|Any CPU
		{0179D6F0-F898-4189-A7D5-ED3BBB85DD92}.Ad-Hoc|ARM.ActiveCfg = Release|ARM
		{0179D6F0-F898-4189-A7D5-ED3BBB85DD92}.Ad-Hoc|ARM.Build.0 = Release|ARM
		{0179D6F0-F898-4189-A7D5-ED3BBB85DD92}.Ad-Hoc|iPhone.ActiveCfg = Release|Any CPU
		{0179D6F0-F898-4189-A7D5-ED3BBB85DD92}.Ad-Hoc|iPhone.Build.0 = Release|Any CPU
		{0179D6F0-F898-4189-A7D5-ED3BBB85DD92}.Ad-Hoc|iPhoneSimulator.ActiveCfg = Release|Any CPU
		{0179D6F0-F898-4189-A7D5-ED3BBB85DD92}.Ad-Hoc|iPhoneSimulator.Build.0 = Release|Any CPU
		{0179D6F0-F898-4189-A7D5-ED3BBB85DD92}.Ad-Hoc|x64.ActiveCfg = Release|x64
		{0179D6F0-F898-4189-A7D5-ED3BBB85DD92}.Ad-Hoc|x64.Build.0 = Release|x64
		{0179D6F0-F898-4189-A7D5-ED3BBB85DD92}.Ad-Hoc|x86.ActiveCfg = Release|x86
		{0179D6F0-F898-4189-A7D5-ED3BBB85DD92}.Ad-Hoc|x86.Build.0 = Release|x86
		{0179D6F0-F898-4189-A7D5-ED3BBB85DD92}.AppStore|Any CPU.ActiveCfg = Release|Any CPU
		{0179D6F0-F898-4189-A7D5-ED3BBB85DD92}.AppStore|Any CPU.Build.0 = Release|Any CPU
		{0179D6F0-F898-4189-A7D5-ED3BBB85DD92}.AppStore|ARM.ActiveCfg = Release|ARM
		{0179D6F0-F898-4189-A7D5-ED3BBB85DD92}.AppStore|ARM.Build.0 = Release|ARM
		{0179D6F0-F898-4189-A7D5-ED3BBB85DD92}.AppStore|iPhone.ActiveCfg = Release|Any CPU
		{0179D6F0-F898-4189-A7D5-ED3BBB85DD92}.AppStore|iPhone.Build.0 = Release|Any CPU
		{0179D6F0-F898-4189-A7D5-ED3BBB85DD92}.AppStore|iPhoneSimulator.ActiveCfg = Release|Any CPU
		{0179D6F0-F898-4189-A7D5-ED3BBB85DD92}.AppStore|iPhoneSimulator.Build.0 = Release|Any CPU
		{0179D6F0-F898-4189-A7D5-ED3BBB85DD92}.AppStore|x64.ActiveCfg = Release|x64
		{0179D6F0-F898-4189-A7D5-ED3BBB85DD92}.AppStore|x64.Build.0 = Release|x64
		{0179D6F0-F898-4189-A7D5-ED3BBB85DD92}.AppStore|x86.ActiveCfg = Release|x86
		{0179D6F0-F898-4189-A7D5-ED3BBB85DD92}.AppStore|x86.Build.0 = Release|x86
		{0179D6F0-F898-4189-A7D5-ED3BBB85DD92}.Debug|Any CPU.ActiveCfg = Debug|Any CPU
		{0179D6F0-F898-4189-A7D5-ED3BBB85DD92}.Debug|Any CPU.Build.0 = Debug|Any CPU
		{0179D6F0-F898-4189-A7D5-ED3BBB85DD92}.Debug|ARM.ActiveCfg = Debug|ARM
		{0179D6F0-F898-4189-A7D5-ED3BBB85DD92}.Debug|ARM.Build.0 = Debug|ARM
		{0179D6F0-F898-4189-A7D5-ED3BBB85DD92}.Debug|iPhone.ActiveCfg = Debug|Any CPU
		{0179D6F0-F898-4189-A7D5-ED3BBB85DD92}.Debug|iPhone.Build.0 = Debug|Any CPU
		{0179D6F0-F898-4189-A7D5-ED3BBB85DD92}.Debug|iPhoneSimulator.ActiveCfg = Debug|Any CPU
		{0179D6F0-F898-4189-A7D5-ED3BBB85DD92}.Debug|iPhoneSimulator.Build.0 = Debug|Any CPU
		{0179D6F0-F898-4189-A7D5-ED3BBB85DD92}.Debug|x64.ActiveCfg = Debug|x64
		{0179D6F0-F898-4189-A7D5-ED3BBB85DD92}.Debug|x64.Build.0 = Debug|x64
		{0179D6F0-F898-4189-A7D5-ED3BBB85DD92}.Debug|x86.ActiveCfg = Debug|x86
		{0179D6F0-F898-4189-A7D5-ED3BBB85DD92}.Debug|x86.Build.0 = Debug|x86
		{0179D6F0-F898-4189-A7D5-ED3BBB85DD92}.Release|Any CPU.ActiveCfg = Release|Any CPU
		{0179D6F0-F898-4189-A7D5-ED3BBB85DD92}.Release|Any CPU.Build.0 = Release|Any CPU
		{0179D6F0-F898-4189-A7D5-ED3BBB85DD92}.Release|ARM.ActiveCfg = Release|ARM
		{0179D6F0-F898-4189-A7D5-ED3BBB85DD92}.Release|ARM.Build.0 = Release|ARM
		{0179D6F0-F898-4189-A7D5-ED3BBB85DD92}.Release|iPhone.ActiveCfg = Release|Any CPU
		{0179D6F0-F898-4189-A7D5-ED3BBB85DD92}.Release|iPhone.Build.0 = Release|Any CPU
		{0179D6F0-F898-4189-A7D5-ED3BBB85DD92}.Release|iPhoneSimulator.ActiveCfg = Release|Any CPU
		{0179D6F0-F898-4189-A7D5-ED3BBB85DD92}.Release|iPhoneSimulator.Build.0 = Release|Any CPU
		{0179D6F0-F898-4189-A7D5-ED3BBB85DD92}.Release|x64.ActiveCfg = Release|x64
		{0179D6F0-F898-4189-A7D5-ED3BBB85DD92}.Release|x64.Build.0 = Release|x64
		{0179D6F0-F898-4189-A7D5-ED3BBB85DD92}.Release|x86.ActiveCfg = Release|x86
		{0179D6F0-F898-4189-A7D5-ED3BBB85DD92}.Release|x86.Build.0 = Release|x86
		{CA79DF06-9000-49E4-A2EF-B47C516B7BCD}.Ad-Hoc|Any CPU.ActiveCfg = Release|Any CPU
		{CA79DF06-9000-49E4-A2EF-B47C516B7BCD}.Ad-Hoc|Any CPU.Build.0 = Release|Any CPU
		{CA79DF06-9000-49E4-A2EF-B47C516B7BCD}.Ad-Hoc|Any CPU.Deploy.0 = Release|Any CPU
		{CA79DF06-9000-49E4-A2EF-B47C516B7BCD}.Ad-Hoc|ARM.ActiveCfg = Release|Any CPU
		{CA79DF06-9000-49E4-A2EF-B47C516B7BCD}.Ad-Hoc|ARM.Build.0 = Release|Any CPU
		{CA79DF06-9000-49E4-A2EF-B47C516B7BCD}.Ad-Hoc|ARM.Deploy.0 = Release|Any CPU
		{CA79DF06-9000-49E4-A2EF-B47C516B7BCD}.Ad-Hoc|iPhone.ActiveCfg = Release|Any CPU
		{CA79DF06-9000-49E4-A2EF-B47C516B7BCD}.Ad-Hoc|iPhone.Build.0 = Release|Any CPU
		{CA79DF06-9000-49E4-A2EF-B47C516B7BCD}.Ad-Hoc|iPhone.Deploy.0 = Release|Any CPU
		{CA79DF06-9000-49E4-A2EF-B47C516B7BCD}.Ad-Hoc|iPhoneSimulator.ActiveCfg = Release|Any CPU
		{CA79DF06-9000-49E4-A2EF-B47C516B7BCD}.Ad-Hoc|iPhoneSimulator.Build.0 = Release|Any CPU
		{CA79DF06-9000-49E4-A2EF-B47C516B7BCD}.Ad-Hoc|iPhoneSimulator.Deploy.0 = Release|Any CPU
		{CA79DF06-9000-49E4-A2EF-B47C516B7BCD}.Ad-Hoc|x64.ActiveCfg = Release|Any CPU
		{CA79DF06-9000-49E4-A2EF-B47C516B7BCD}.Ad-Hoc|x64.Build.0 = Release|Any CPU
		{CA79DF06-9000-49E4-A2EF-B47C516B7BCD}.Ad-Hoc|x64.Deploy.0 = Release|Any CPU
		{CA79DF06-9000-49E4-A2EF-B47C516B7BCD}.Ad-Hoc|x86.ActiveCfg = Release|Any CPU
		{CA79DF06-9000-49E4-A2EF-B47C516B7BCD}.Ad-Hoc|x86.Build.0 = Release|Any CPU
		{CA79DF06-9000-49E4-A2EF-B47C516B7BCD}.Ad-Hoc|x86.Deploy.0 = Release|Any CPU
		{CA79DF06-9000-49E4-A2EF-B47C516B7BCD}.AppStore|Any CPU.ActiveCfg = Release|Any CPU
		{CA79DF06-9000-49E4-A2EF-B47C516B7BCD}.AppStore|Any CPU.Build.0 = Release|Any CPU
		{CA79DF06-9000-49E4-A2EF-B47C516B7BCD}.AppStore|Any CPU.Deploy.0 = Release|Any CPU
		{CA79DF06-9000-49E4-A2EF-B47C516B7BCD}.AppStore|ARM.ActiveCfg = Release|Any CPU
		{CA79DF06-9000-49E4-A2EF-B47C516B7BCD}.AppStore|ARM.Build.0 = Release|Any CPU
		{CA79DF06-9000-49E4-A2EF-B47C516B7BCD}.AppStore|ARM.Deploy.0 = Release|Any CPU
		{CA79DF06-9000-49E4-A2EF-B47C516B7BCD}.AppStore|iPhone.ActiveCfg = Release|Any CPU
		{CA79DF06-9000-49E4-A2EF-B47C516B7BCD}.AppStore|iPhone.Build.0 = Release|Any CPU
		{CA79DF06-9000-49E4-A2EF-B47C516B7BCD}.AppStore|iPhone.Deploy.0 = Release|Any CPU
		{CA79DF06-9000-49E4-A2EF-B47C516B7BCD}.AppStore|iPhoneSimulator.ActiveCfg = Release|Any CPU
		{CA79DF06-9000-49E4-A2EF-B47C516B7BCD}.AppStore|iPhoneSimulator.Build.0 = Release|Any CPU
		{CA79DF06-9000-49E4-A2EF-B47C516B7BCD}.AppStore|iPhoneSimulator.Deploy.0 = Release|Any CPU
		{CA79DF06-9000-49E4-A2EF-B47C516B7BCD}.AppStore|x64.ActiveCfg = Release|Any CPU
		{CA79DF06-9000-49E4-A2EF-B47C516B7BCD}.AppStore|x64.Build.0 = Release|Any CPU
		{CA79DF06-9000-49E4-A2EF-B47C516B7BCD}.AppStore|x64.Deploy.0 = Release|Any CPU
		{CA79DF06-9000-49E4-A2EF-B47C516B7BCD}.AppStore|x86.ActiveCfg = Release|Any CPU
		{CA79DF06-9000-49E4-A2EF-B47C516B7BCD}.AppStore|x86.Build.0 = Release|Any CPU
		{CA79DF06-9000-49E4-A2EF-B47C516B7BCD}.AppStore|x86.Deploy.0 = Release|Any CPU
		{CA79DF06-9000-49E4-A2EF-B47C516B7BCD}.Debug|Any CPU.ActiveCfg = Debug|Any CPU
		{CA79DF06-9000-49E4-A2EF-B47C516B7BCD}.Debug|Any CPU.Build.0 = Debug|Any CPU
		{CA79DF06-9000-49E4-A2EF-B47C516B7BCD}.Debug|Any CPU.Deploy.0 = Debug|Any CPU
		{CA79DF06-9000-49E4-A2EF-B47C516B7BCD}.Debug|ARM.ActiveCfg = Debug|Any CPU
		{CA79DF06-9000-49E4-A2EF-B47C516B7BCD}.Debug|ARM.Build.0 = Debug|Any CPU
		{CA79DF06-9000-49E4-A2EF-B47C516B7BCD}.Debug|ARM.Deploy.0 = Debug|Any CPU
		{CA79DF06-9000-49E4-A2EF-B47C516B7BCD}.Debug|iPhone.ActiveCfg = Debug|Any CPU
		{CA79DF06-9000-49E4-A2EF-B47C516B7BCD}.Debug|iPhone.Build.0 = Debug|Any CPU
		{CA79DF06-9000-49E4-A2EF-B47C516B7BCD}.Debug|iPhone.Deploy.0 = Debug|Any CPU
		{CA79DF06-9000-49E4-A2EF-B47C516B7BCD}.Debug|iPhoneSimulator.ActiveCfg = Debug|Any CPU
		{CA79DF06-9000-49E4-A2EF-B47C516B7BCD}.Debug|iPhoneSimulator.Build.0 = Debug|Any CPU
		{CA79DF06-9000-49E4-A2EF-B47C516B7BCD}.Debug|iPhoneSimulator.Deploy.0 = Debug|Any CPU
		{CA79DF06-9000-49E4-A2EF-B47C516B7BCD}.Debug|x64.ActiveCfg = Debug|Any CPU
		{CA79DF06-9000-49E4-A2EF-B47C516B7BCD}.Debug|x64.Build.0 = Debug|Any CPU
		{CA79DF06-9000-49E4-A2EF-B47C516B7BCD}.Debug|x64.Deploy.0 = Debug|Any CPU
		{CA79DF06-9000-49E4-A2EF-B47C516B7BCD}.Debug|x86.ActiveCfg = Debug|Any CPU
		{CA79DF06-9000-49E4-A2EF-B47C516B7BCD}.Debug|x86.Build.0 = Debug|Any CPU
		{CA79DF06-9000-49E4-A2EF-B47C516B7BCD}.Debug|x86.Deploy.0 = Debug|Any CPU
		{CA79DF06-9000-49E4-A2EF-B47C516B7BCD}.Release|Any CPU.ActiveCfg = Release|Any CPU
		{CA79DF06-9000-49E4-A2EF-B47C516B7BCD}.Release|Any CPU.Build.0 = Release|Any CPU
		{CA79DF06-9000-49E4-A2EF-B47C516B7BCD}.Release|Any CPU.Deploy.0 = Release|Any CPU
		{CA79DF06-9000-49E4-A2EF-B47C516B7BCD}.Release|ARM.ActiveCfg = Release|Any CPU
		{CA79DF06-9000-49E4-A2EF-B47C516B7BCD}.Release|ARM.Build.0 = Release|Any CPU
		{CA79DF06-9000-49E4-A2EF-B47C516B7BCD}.Release|ARM.Deploy.0 = Release|Any CPU
		{CA79DF06-9000-49E4-A2EF-B47C516B7BCD}.Release|iPhone.ActiveCfg = Release|Any CPU
		{CA79DF06-9000-49E4-A2EF-B47C516B7BCD}.Release|iPhone.Build.0 = Release|Any CPU
		{CA79DF06-9000-49E4-A2EF-B47C516B7BCD}.Release|iPhone.Deploy.0 = Release|Any CPU
		{CA79DF06-9000-49E4-A2EF-B47C516B7BCD}.Release|iPhoneSimulator.ActiveCfg = Release|Any CPU
		{CA79DF06-9000-49E4-A2EF-B47C516B7BCD}.Release|iPhoneSimulator.Build.0 = Release|Any CPU
		{CA79DF06-9000-49E4-A2EF-B47C516B7BCD}.Release|iPhoneSimulator.Deploy.0 = Release|Any CPU
		{CA79DF06-9000-49E4-A2EF-B47C516B7BCD}.Release|x64.ActiveCfg = Release|Any CPU
		{CA79DF06-9000-49E4-A2EF-B47C516B7BCD}.Release|x64.Build.0 = Release|Any CPU
		{CA79DF06-9000-49E4-A2EF-B47C516B7BCD}.Release|x64.Deploy.0 = Release|Any CPU
		{CA79DF06-9000-49E4-A2EF-B47C516B7BCD}.Release|x86.ActiveCfg = Release|Any CPU
		{CA79DF06-9000-49E4-A2EF-B47C516B7BCD}.Release|x86.Build.0 = Release|Any CPU
		{CA79DF06-9000-49E4-A2EF-B47C516B7BCD}.Release|x86.Deploy.0 = Release|Any CPU
		{AEFF6EC6-4B01-4CF2-A038-9403EF237A54}.Ad-Hoc|Any CPU.ActiveCfg = Release|Any CPU
		{AEFF6EC6-4B01-4CF2-A038-9403EF237A54}.Ad-Hoc|Any CPU.Build.0 = Release|Any CPU
		{AEFF6EC6-4B01-4CF2-A038-9403EF237A54}.Ad-Hoc|ARM.ActiveCfg = Release|Any CPU
		{AEFF6EC6-4B01-4CF2-A038-9403EF237A54}.Ad-Hoc|ARM.Build.0 = Release|Any CPU
		{AEFF6EC6-4B01-4CF2-A038-9403EF237A54}.Ad-Hoc|iPhone.ActiveCfg = Release|Any CPU
		{AEFF6EC6-4B01-4CF2-A038-9403EF237A54}.Ad-Hoc|iPhone.Build.0 = Release|Any CPU
		{AEFF6EC6-4B01-4CF2-A038-9403EF237A54}.Ad-Hoc|iPhoneSimulator.ActiveCfg = Release|Any CPU
		{AEFF6EC6-4B01-4CF2-A038-9403EF237A54}.Ad-Hoc|iPhoneSimulator.Build.0 = Release|Any CPU
		{AEFF6EC6-4B01-4CF2-A038-9403EF237A54}.Ad-Hoc|x64.ActiveCfg = Release|Any CPU
		{AEFF6EC6-4B01-4CF2-A038-9403EF237A54}.Ad-Hoc|x64.Build.0 = Release|Any CPU
		{AEFF6EC6-4B01-4CF2-A038-9403EF237A54}.Ad-Hoc|x86.ActiveCfg = Release|Any CPU
		{AEFF6EC6-4B01-4CF2-A038-9403EF237A54}.Ad-Hoc|x86.Build.0 = Release|Any CPU
		{AEFF6EC6-4B01-4CF2-A038-9403EF237A54}.AppStore|Any CPU.ActiveCfg = Release|Any CPU
		{AEFF6EC6-4B01-4CF2-A038-9403EF237A54}.AppStore|Any CPU.Build.0 = Release|Any CPU
		{AEFF6EC6-4B01-4CF2-A038-9403EF237A54}.AppStore|ARM.ActiveCfg = Release|Any CPU
		{AEFF6EC6-4B01-4CF2-A038-9403EF237A54}.AppStore|ARM.Build.0 = Release|Any CPU
		{AEFF6EC6-4B01-4CF2-A038-9403EF237A54}.AppStore|iPhone.ActiveCfg = Release|Any CPU
		{AEFF6EC6-4B01-4CF2-A038-9403EF237A54}.AppStore|iPhone.Build.0 = Release|Any CPU
		{AEFF6EC6-4B01-4CF2-A038-9403EF237A54}.AppStore|iPhoneSimulator.ActiveCfg = Release|Any CPU
		{AEFF6EC6-4B01-4CF2-A038-9403EF237A54}.AppStore|iPhoneSimulator.Build.0 = Release|Any CPU
		{AEFF6EC6-4B01-4CF2-A038-9403EF237A54}.AppStore|x64.ActiveCfg = Release|Any CPU
		{AEFF6EC6-4B01-4CF2-A038-9403EF237A54}.AppStore|x64.Build.0 = Release|Any CPU
		{AEFF6EC6-4B01-4CF2-A038-9403EF237A54}.AppStore|x86.ActiveCfg = Release|Any CPU
		{AEFF6EC6-4B01-4CF2-A038-9403EF237A54}.AppStore|x86.Build.0 = Release|Any CPU
		{AEFF6EC6-4B01-4CF2-A038-9403EF237A54}.Debug|Any CPU.ActiveCfg = Debug|Any CPU
		{AEFF6EC6-4B01-4CF2-A038-9403EF237A54}.Debug|Any CPU.Build.0 = Debug|Any CPU
		{AEFF6EC6-4B01-4CF2-A038-9403EF237A54}.Debug|ARM.ActiveCfg = Debug|Any CPU
		{AEFF6EC6-4B01-4CF2-A038-9403EF237A54}.Debug|ARM.Build.0 = Debug|Any CPU
		{AEFF6EC6-4B01-4CF2-A038-9403EF237A54}.Debug|iPhone.ActiveCfg = Debug|Any CPU
		{AEFF6EC6-4B01-4CF2-A038-9403EF237A54}.Debug|iPhone.Build.0 = Debug|Any CPU
		{AEFF6EC6-4B01-4CF2-A038-9403EF237A54}.Debug|iPhoneSimulator.ActiveCfg = Debug|Any CPU
		{AEFF6EC6-4B01-4CF2-A038-9403EF237A54}.Debug|iPhoneSimulator.Build.0 = Debug|Any CPU
		{AEFF6EC6-4B01-4CF2-A038-9403EF237A54}.Debug|x64.ActiveCfg = Debug|Any CPU
		{AEFF6EC6-4B01-4CF2-A038-9403EF237A54}.Debug|x64.Build.0 = Debug|Any CPU
		{AEFF6EC6-4B01-4CF2-A038-9403EF237A54}.Debug|x86.ActiveCfg = Debug|Any CPU
		{AEFF6EC6-4B01-4CF2-A038-9403EF237A54}.Debug|x86.Build.0 = Debug|Any CPU
		{AEFF6EC6-4B01-4CF2-A038-9403EF237A54}.Release|Any CPU.ActiveCfg = Release|Any CPU
		{AEFF6EC6-4B01-4CF2-A038-9403EF237A54}.Release|Any CPU.Build.0 = Release|Any CPU
		{AEFF6EC6-4B01-4CF2-A038-9403EF237A54}.Release|ARM.ActiveCfg = Release|Any CPU
		{AEFF6EC6-4B01-4CF2-A038-9403EF237A54}.Release|ARM.Build.0 = Release|Any CPU
		{AEFF6EC6-4B01-4CF2-A038-9403EF237A54}.Release|iPhone.ActiveCfg = Release|Any CPU
		{AEFF6EC6-4B01-4CF2-A038-9403EF237A54}.Release|iPhone.Build.0 = Release|Any CPU
		{AEFF6EC6-4B01-4CF2-A038-9403EF237A54}.Release|iPhoneSimulator.ActiveCfg = Release|Any CPU
		{AEFF6EC6-4B01-4CF2-A038-9403EF237A54}.Release|iPhoneSimulator.Build.0 = Release|Any CPU
		{AEFF6EC6-4B01-4CF2-A038-9403EF237A54}.Release|x64.ActiveCfg = Release|Any CPU
		{AEFF6EC6-4B01-4CF2-A038-9403EF237A54}.Release|x64.Build.0 = Release|Any CPU
		{AEFF6EC6-4B01-4CF2-A038-9403EF237A54}.Release|x86.ActiveCfg = Release|Any CPU
		{AEFF6EC6-4B01-4CF2-A038-9403EF237A54}.Release|x86.Build.0 = Release|Any CPU
	EndGlobalSection
	GlobalSection(SolutionProperties) = preSolution
		HideSolutionNode = FALSE
	EndGlobalSection
	GlobalSection(NestedProjects) = preSolution
		{7BA0F458-DA47-40A2-8B50-1C157D7070C8} = {C4E7E9D8-BF48-4289-AE9E-B8C783ECF132}
		{E71F3053-056C-4381-9638-048ED73BDFF6} = {C4E7E9D8-BF48-4289-AE9E-B8C783ECF132}
		{0179D6F0-F898-4189-A7D5-ED3BBB85DD92} = {C4E7E9D8-BF48-4289-AE9E-B8C783ECF132}
		{AEFF6EC6-4B01-4CF2-A038-9403EF237A54} = {C4E7E9D8-BF48-4289-AE9E-B8C783ECF132}
	EndGlobalSection
	GlobalSection(ExtensibilityGlobals) = postSolution
		SolutionGuid = {8A97D70A-FF20-4771-8B60-1838B2540EFE}
	EndGlobalSection
EndGlobal
